
Microsoft Visual Studio Solution File, Format Version 12.00
# Visual Studio Version 17
VisualStudioVersion = 17.7.34031.279
MinimumVisualStudioVersion = 10.0.40219.1
Project("{FAE04EC0-301F-11D3-BF4B-00C04F79EFBC}") = "Date_collect(231109)", "Date_collect(231109)\Date_collect(231109).csproj", "{9F48E4EB-3B02-49B4-9424-D82ECC173C29}"
EndProject
Global
	GlobalSection(SolutionConfigurationPlatforms) = preSolution
		Debug|Any CPU = Debug|Any CPU
		Release|Any CPU = Release|Any CPU
	EndGlobalSection
	GlobalSection(ProjectConfigurationPlatforms) = postSolution
		{9F48E4EB-3B02-49B4-9424-D82ECC173C29}.Debug|Any CPU.ActiveCfg = Debug|Any CPU
		{9F48E4EB-3B02-49B4-9424-D82ECC173C29}.Debug|Any CPU.Build.0 = Debug|Any CPU
		{9F48E4EB-3B02-49B4-9424-D82ECC173C29}.Release|Any CPU.ActiveCfg = Release|Any CPU
		{9F48E4EB-3B02-49B4-9424-D82ECC173C29}.Release|Any CPU.Build.0 = Release|Any CPU
	EndGlobalSection
	GlobalSection(SolutionProperties) = preSolution
		HideSolutionNode = FALSE
	EndGlobalSection
	GlobalSection(ExtensibilityGlobals) = postSolution
		SolutionGuid = {93EC67B4-618C-4C9B-B746-51971B9B106F}
	EndGlobalSection
EndGlobal
