
Microsoft Visual Studio Solution File, Format Version 12.00
# Visual Studio Version 17
VisualStudioVersion = 17.7.34031.279
MinimumVisualStudioVersion = 10.0.40219.1
Project("{FAE04EC0-301F-11D3-BF4B-00C04F79EFBC}") = "BookManager", "BookManager\BookManager.csproj", "{A23AF775-C248-438C-8604-35CDC3450026}"
EndProject
Global
	GlobalSection(SolutionConfigurationPlatforms) = preSolution
		Debug|Any CPU = Debug|Any CPU
		Release|Any CPU = Release|Any CPU
	EndGlobalSection
	GlobalSection(ProjectConfigurationPlatforms) = postSolution
		{A23AF775-C248-438C-8604-35CDC3450026}.Debug|Any CPU.ActiveCfg = Debug|Any CPU
		{A23AF775-C248-438C-8604-35CDC3450026}.Debug|Any CPU.Build.0 = Debug|Any CPU
		{A23AF775-C248-438C-8604-35CDC3450026}.Release|Any CPU.ActiveCfg = Release|Any CPU
		{A23AF775-C248-438C-8604-35CDC3450026}.Release|Any CPU.Build.0 = Release|Any CPU
	EndGlobalSection
	GlobalSection(SolutionProperties) = preSolution
		HideSolutionNode = FALSE
	EndGlobalSection
	GlobalSection(ExtensibilityGlobals) = postSolution
		SolutionGuid = {8E1E9C01-C96A-41E1-8350-AA03B320AE4B}
	EndGlobalSection
EndGlobal
