
Microsoft Visual Studio Solution File, Format Version 12.00
# Visual Studio Version 17
VisualStudioVersion = 17.7.34003.232
MinimumVisualStudioVersion = 10.0.40219.1
Project("{8BC9CEB8-8B4A-11D0-8D11-00A0C91BC942}") = "23_project_", "23_project_\23_project_.vcxproj", "{279A0198-FCF8-4011-936B-ACA705E8E671}"
EndProject
Global
	GlobalSection(SolutionConfigurationPlatforms) = preSolution
		Debug|x64 = Debug|x64
		Debug|x86 = Debug|x86
		Release|x64 = Release|x64
		Release|x86 = Release|x86
	EndGlobalSection
	GlobalSection(ProjectConfigurationPlatforms) = postSolution
		{279A0198-FCF8-4011-936B-ACA705E8E671}.Debug|x64.ActiveCfg = Debug|x64
		{279A0198-FCF8-4011-936B-ACA705E8E671}.Debug|x64.Build.0 = Debug|x64
		{279A0198-FCF8-4011-936B-ACA705E8E671}.Debug|x86.ActiveCfg = Debug|Win32
		{279A0198-FCF8-4011-936B-ACA705E8E671}.Debug|x86.Build.0 = Debug|Win32
		{279A0198-FCF8-4011-936B-ACA705E8E671}.Release|x64.ActiveCfg = Release|x64
		{279A0198-FCF8-4011-936B-ACA705E8E671}.Release|x64.Build.0 = Release|x64
		{279A0198-FCF8-4011-936B-ACA705E8E671}.Release|x86.ActiveCfg = Release|Win32
		{279A0198-FCF8-4011-936B-ACA705E8E671}.Release|x86.Build.0 = Release|Win32
	EndGlobalSection
	GlobalSection(SolutionProperties) = preSolution
		HideSolutionNode = FALSE
	EndGlobalSection
	GlobalSection(ExtensibilityGlobals) = postSolution
		SolutionGuid = {63981D4E-757E-4B78-B190-234513517EF3}
	EndGlobalSection
EndGlobal
