
Microsoft Visual Studio Solution File, Format Version 12.00
# Visual Studio Version 17
VisualStudioVersion = 17.7.34031.279
MinimumVisualStudioVersion = 10.0.40219.1
Project("{FAE04EC0-301F-11D3-BF4B-00C04F79EFBC}") = "practice(231031_2)", "practice(231031_2)\practice(231031_2).csproj", "{E2865247-4CF8-45C9-86B1-D420F19BA347}"
EndProject
Global
	GlobalSection(SolutionConfigurationPlatforms) = preSolution
		Debug|Any CPU = Debug|Any CPU
		Release|Any CPU = Release|Any CPU
	EndGlobalSection
	GlobalSection(ProjectConfigurationPlatforms) = postSolution
		{E2865247-4CF8-45C9-86B1-D420F19BA347}.Debug|Any CPU.ActiveCfg = Debug|Any CPU
		{E2865247-4CF8-45C9-86B1-D420F19BA347}.Debug|Any CPU.Build.0 = Debug|Any CPU
		{E2865247-4CF8-45C9-86B1-D420F19BA347}.Release|Any CPU.ActiveCfg = Release|Any CPU
		{E2865247-4CF8-45C9-86B1-D420F19BA347}.Release|Any CPU.Build.0 = Release|Any CPU
	EndGlobalSection
	GlobalSection(SolutionProperties) = preSolution
		HideSolutionNode = FALSE
	EndGlobalSection
	GlobalSection(ExtensibilityGlobals) = postSolution
		SolutionGuid = {E90CA025-5DD5-47B1-BF90-8CFC3F21C3B5}
	EndGlobalSection
EndGlobal
