
Microsoft Visual Studio Solution File, Format Version 12.00
# Visual Studio Version 17
VisualStudioVersion = 17.7.34031.279
MinimumVisualStudioVersion = 10.0.40219.1
Project("{FAE04EC0-301F-11D3-BF4B-00C04F79EFBC}") = "HelloCsharpui", "HelloCsharpui\HelloCsharpui.csproj", "{6CDBFDAE-B0C6-413A-A131-F2EF39D14F0B}"
EndProject
Project("{FAE04EC0-301F-11D3-BF4B-00C04F79EFBC}") = "Form2", "Form2\Form2.csproj", "{773F5324-EC83-40AF-A7F3-B67A4EC5B6CD}"
EndProject
Global
	GlobalSection(SolutionConfigurationPlatforms) = preSolution
		Debug|Any CPU = Debug|Any CPU
		Release|Any CPU = Release|Any CPU
	EndGlobalSection
	GlobalSection(ProjectConfigurationPlatforms) = postSolution
		{6CDBFDAE-B0C6-413A-A131-F2EF39D14F0B}.Debug|Any CPU.ActiveCfg = Debug|Any CPU
		{6CDBFDAE-B0C6-413A-A131-F2EF39D14F0B}.Debug|Any CPU.Build.0 = Debug|Any CPU
		{6CDBFDAE-B0C6-413A-A131-F2EF39D14F0B}.Release|Any CPU.ActiveCfg = Release|Any CPU
		{6CDBFDAE-B0C6-413A-A131-F2EF39D14F0B}.Release|Any CPU.Build.0 = Release|Any CPU
		{773F5324-EC83-40AF-A7F3-B67A4EC5B6CD}.Debug|Any CPU.ActiveCfg = Debug|Any CPU
		{773F5324-EC83-40AF-A7F3-B67A4EC5B6CD}.Debug|Any CPU.Build.0 = Debug|Any CPU
		{773F5324-EC83-40AF-A7F3-B67A4EC5B6CD}.Release|Any CPU.ActiveCfg = Release|Any CPU
		{773F5324-EC83-40AF-A7F3-B67A4EC5B6CD}.Release|Any CPU.Build.0 = Release|Any CPU
	EndGlobalSection
	GlobalSection(SolutionProperties) = preSolution
		HideSolutionNode = FALSE
	EndGlobalSection
	GlobalSection(ExtensibilityGlobals) = postSolution
		SolutionGuid = {8D327145-F4BD-4F7E-A1B7-84E8F986EE73}
	EndGlobalSection
EndGlobal
