
Microsoft Visual Studio Solution File, Format Version 12.00
# Visual Studio Version 17
VisualStudioVersion = 17.7.34031.279
MinimumVisualStudioVersion = 10.0.40219.1
Project("{FAE04EC0-301F-11D3-BF4B-00C04F79EFBC}") = "Csharp(231106)", "Csharp(231106)\Csharp(231106).csproj", "{3112A582-340D-4CE3-9AD7-DB1134A51912}"
EndProject
Global
	GlobalSection(SolutionConfigurationPlatforms) = preSolution
		Debug|Any CPU = Debug|Any CPU
		Release|Any CPU = Release|Any CPU
	EndGlobalSection
	GlobalSection(ProjectConfigurationPlatforms) = postSolution
		{3112A582-340D-4CE3-9AD7-DB1134A51912}.Debug|Any CPU.ActiveCfg = Debug|Any CPU
		{3112A582-340D-4CE3-9AD7-DB1134A51912}.Debug|Any CPU.Build.0 = Debug|Any CPU
		{3112A582-340D-4CE3-9AD7-DB1134A51912}.Release|Any CPU.ActiveCfg = Release|Any CPU
		{3112A582-340D-4CE3-9AD7-DB1134A51912}.Release|Any CPU.Build.0 = Release|Any CPU
	EndGlobalSection
	GlobalSection(SolutionProperties) = preSolution
		HideSolutionNode = FALSE
	EndGlobalSection
	GlobalSection(ExtensibilityGlobals) = postSolution
		SolutionGuid = {3A971F4B-D287-4C60-A745-A7FC6F64469A}
	EndGlobalSection
EndGlobal
