
Microsoft Visual Studio Solution File, Format Version 12.00
# Visual Studio Version 17
VisualStudioVersion = 17.7.34031.279
MinimumVisualStudioVersion = 10.0.40219.1
Project("{FAE04EC0-301F-11D3-BF4B-00C04F79EFBC}") = "Lotto(240304)", "Lotto(231106)\Lotto(240304).csproj", "{DE082E4E-19AC-4904-8316-02230047FC2C}"
EndProject
Global
	GlobalSection(SolutionConfigurationPlatforms) = preSolution
		Debug|Any CPU = Debug|Any CPU
		Release|Any CPU = Release|Any CPU
	EndGlobalSection
	GlobalSection(ProjectConfigurationPlatforms) = postSolution
		{DE082E4E-19AC-4904-8316-02230047FC2C}.Debug|Any CPU.ActiveCfg = Debug|Any CPU
		{DE082E4E-19AC-4904-8316-02230047FC2C}.Debug|Any CPU.Build.0 = Debug|Any CPU
		{DE082E4E-19AC-4904-8316-02230047FC2C}.Release|Any CPU.ActiveCfg = Release|Any CPU
		{DE082E4E-19AC-4904-8316-02230047FC2C}.Release|Any CPU.Build.0 = Release|Any CPU
	EndGlobalSection
	GlobalSection(SolutionProperties) = preSolution
		HideSolutionNode = FALSE
	EndGlobalSection
	GlobalSection(ExtensibilityGlobals) = postSolution
		SolutionGuid = {CC1E2DD9-314C-495D-8AC5-31BDBDFCFC1F}
	EndGlobalSection
EndGlobal
