
Microsoft Visual Studio Solution File, Format Version 12.00
# Visual Studio Version 17
VisualStudioVersion = 17.6.33829.357
MinimumVisualStudioVersion = 10.0.40219.1
Project("{8BC9CEB8-8B4A-11D0-8D11-00A0C91BC942}") = "230831_addr", "230831_addr\230831_addr.vcxproj", "{7A6680B0-5280-4DCA-829F-4A37D4683DBB}"
EndProject
Global
	GlobalSection(SolutionConfigurationPlatforms) = preSolution
		Debug|x64 = Debug|x64
		Debug|x86 = Debug|x86
		Release|x64 = Release|x64
		Release|x86 = Release|x86
	EndGlobalSection
	GlobalSection(ProjectConfigurationPlatforms) = postSolution
		{7A6680B0-5280-4DCA-829F-4A37D4683DBB}.Debug|x64.ActiveCfg = Debug|x64
		{7A6680B0-5280-4DCA-829F-4A37D4683DBB}.Debug|x64.Build.0 = Debug|x64
		{7A6680B0-5280-4DCA-829F-4A37D4683DBB}.Debug|x86.ActiveCfg = Debug|Win32
		{7A6680B0-5280-4DCA-829F-4A37D4683DBB}.Debug|x86.Build.0 = Debug|Win32
		{7A6680B0-5280-4DCA-829F-4A37D4683DBB}.Release|x64.ActiveCfg = Release|x64
		{7A6680B0-5280-4DCA-829F-4A37D4683DBB}.Release|x64.Build.0 = Release|x64
		{7A6680B0-5280-4DCA-829F-4A37D4683DBB}.Release|x86.ActiveCfg = Release|Win32
		{7A6680B0-5280-4DCA-829F-4A37D4683DBB}.Release|x86.Build.0 = Release|Win32
	EndGlobalSection
	GlobalSection(SolutionProperties) = preSolution
		HideSolutionNode = FALSE
	EndGlobalSection
	GlobalSection(ExtensibilityGlobals) = postSolution
		SolutionGuid = {0580E77B-50E4-4237-A8C4-FD4CBF8C1442}
	EndGlobalSection
EndGlobal
