
Microsoft Visual Studio Solution File, Format Version 12.00
# Visual Studio Version 17
VisualStudioVersion = 17.7.34031.279
MinimumVisualStudioVersion = 10.0.40219.1
Project("{FAE04EC0-301F-11D3-BF4B-00C04F79EFBC}") = "HelloCsharp08(231102)", "HelloCsharp08(231102)\HelloCsharp08(231102).csproj", "{3D9B62F9-6770-4220-AA79-75E3EB00BA79}"
EndProject
Global
	GlobalSection(SolutionConfigurationPlatforms) = preSolution
		Debug|Any CPU = Debug|Any CPU
		Release|Any CPU = Release|Any CPU
	EndGlobalSection
	GlobalSection(ProjectConfigurationPlatforms) = postSolution
		{3D9B62F9-6770-4220-AA79-75E3EB00BA79}.Debug|Any CPU.ActiveCfg = Debug|Any CPU
		{3D9B62F9-6770-4220-AA79-75E3EB00BA79}.Debug|Any CPU.Build.0 = Debug|Any CPU
		{3D9B62F9-6770-4220-AA79-75E3EB00BA79}.Release|Any CPU.ActiveCfg = Release|Any CPU
		{3D9B62F9-6770-4220-AA79-75E3EB00BA79}.Release|Any CPU.Build.0 = Release|Any CPU
	EndGlobalSection
	GlobalSection(SolutionProperties) = preSolution
		HideSolutionNode = FALSE
	EndGlobalSection
	GlobalSection(ExtensibilityGlobals) = postSolution
		SolutionGuid = {533A2B34-C4BC-496D-878B-C5DCE1DC9B26}
	EndGlobalSection
EndGlobal
